
Microsoft Visual Studio Solution File, Format Version 12.00
# Visual Studio Version 16
VisualStudioVersion = 16.0.34031.81
MinimumVisualStudioVersion = 10.0.40219.1
Project("{2150E333-8FDC-42A3-9474-1A3956D46DE8}") = "Task0", "Task0", "{FA74B6AB-8327-4C56-A75C-B16E7AD1122B}"
EndProject
Project("{FAE04EC0-301F-11D3-BF4B-00C04F79EFBC}") = "Tyuiu.VolodinaAA.Csharp.Sprint0.Task0.V0", "Tyuiu.VolodinaAA.Csharp.Sprint0.Task0.V0\Tyuiu.VolodinaAA.Csharp.Sprint0.Task0.V0.csproj", "{E49C9767-994B-4083-B0B9-ED3D00A6D423}"
EndProject
Project("{2150E333-8FDC-42A3-9474-1A3956D46DE8}") = "Task1", "Task1", "{44D97DC7-F670-4BA4-B9FB-39E03A903BBB}"
EndProject
Project("{FAE04EC0-301F-11D3-BF4B-00C04F79EFBC}") = "Tyuiu.VolodinaAA.Csharp.Sprint0.Task1.V0", "Tyuiu.VolodinaAA.Csharp.Sprint0.Task1.V0\Tyuiu.VolodinaAA.Csharp.Sprint0.Task1.V0.csproj", "{74CFD4D6-2669-4750-B496-6E0DA36F160D}"
EndProject
Project("{2150E333-8FDC-42A3-9474-1A3956D46DE8}") = "Task2", "Task2", "{4EFC0857-4FB5-40BA-843B-474F31F75664}"
EndProject
Project("{FAE04EC0-301F-11D3-BF4B-00C04F79EFBC}") = "Tyuiu.VolodinaAA.Csharp.Sprint0.Task2.V0", "Tyuiu.VolodinaAA.Csharp.Sprint0.Task2.V0\Tyuiu.VolodinaAA.Csharp.Sprint0.Task2.V0.csproj", "{BAEC4B27-D65F-40F4-A9AB-0310FC8C144B}"
EndProject
Project("{FAE04EC0-301F-11D3-BF4B-00C04F79EFBC}") = "Tyuiu.VolodinaAA.Csharp.Sprint0.Task2.V0.Lib", "Tyuiu.VolodinaAA.Csharp.Sprint0.Task2.V0.Lib\Tyuiu.VolodinaAA.Csharp.Sprint0.Task2.V0.Lib.csproj", "{B95C501B-32A6-4E3D-9C8E-47E775DF5A26}"
EndProject
Project("{FAE04EC0-301F-11D3-BF4B-00C04F79EFBC}") = "Tyuiu.VolodinaAA.Csharp.Sprint0.Task2.V0.Test", "Tyuiu.VolodinaAA.Csharp.Sprint0.Task2.V0.Test\Tyuiu.VolodinaAA.Csharp.Sprint0.Task2.V0.Test.csproj", "{2D3B208B-6A24-425E-AB13-50767AA493B8}"
EndProject
Project("{2150E333-8FDC-42A3-9474-1A3956D46DE8}") = "Task3", "Task3", "{939848F0-2417-4D9D-846C-352855AC753B}"
EndProject
Project("{FAE04EC0-301F-11D3-BF4B-00C04F79EFBC}") = "Tyuiu.VolodinaAA.Csharp.Sprint0.Task3.V0", "Tyuiu.VolodinaAA.Csharp.Sprint0.Task3.V0\Tyuiu.VolodinaAA.Csharp.Sprint0.Task3.V0.csproj", "{8007D591-E699-4387-A310-12A237266CF0}"
EndProject
Project("{FAE04EC0-301F-11D3-BF4B-00C04F79EFBC}") = "Tyuiu.VolodinaAA.Csharp.Sprint0.Task3.V0.Lib", "Tyuiu.VolodinaAA.Csharp.Sprint0.Task3.V0.Lib\Tyuiu.VolodinaAA.Csharp.Sprint0.Task3.V0.Lib.csproj", "{A4730994-FDBA-4A58-A0D6-27E56C063B74}"
EndProject
Project("{FAE04EC0-301F-11D3-BF4B-00C04F79EFBC}") = "Tyuiu.VolodinaAA.Csharp.Sprint0.Task3.V0.Test", "Tyuiu.VolodinaAA.Csharp.Sprint0.Task3.V0.Test\Tyuiu.VolodinaAA.Csharp.Sprint0.Task3.V0.Test.csproj", "{A103CA51-F870-4996-ACAD-4D6C8859B6F3}"
EndProject
Project("{2150E333-8FDC-42A3-9474-1A3956D46DE8}") = "Task4", "Task4", "{07F9B6F8-C110-4FDB-9045-4613703D1551}"
EndProject
Project("{FAE04EC0-301F-11D3-BF4B-00C04F79EFBC}") = "Tyuiu.VolodinaAA.Csharp.Sprint0.Task4.V0", "Tyuiu.VolodinaAA.Csharp.Sprint0.Task4.V0\Tyuiu.VolodinaAA.Csharp.Sprint0.Task4.V0.csproj", "{AEC5B87B-0C00-463F-B4BC-2A06D9660CE9}"
EndProject
Project("{FAE04EC0-301F-11D3-BF4B-00C04F79EFBC}") = "Tyuiu.VolodinaAA.Csharp.Sprint0.Task4.V0.Lib", "Tyuiu.VolodinaAA.Csharp.Sprint0.Task4.V0.Lib\Tyuiu.VolodinaAA.Csharp.Sprint0.Task4.V0.Lib.csproj", "{098C0915-7B87-455C-8D94-51D5B9ADF60E}"
EndProject
Project("{FAE04EC0-301F-11D3-BF4B-00C04F79EFBC}") = "Tyuiu.VolodinaAA.Csharp.Sprint0.Task4.V0.Test", "Tyuiu.VolodinaAA.Csharp.Sprint0.Task4.V0.Test\Tyuiu.VolodinaAA.Csharp.Sprint0.Task4.V0.Test.csproj", "{0E58D719-F051-4595-B3C4-C936DC76C8CC}"
EndProject
Project("{2150E333-8FDC-42A3-9474-1A3956D46DE8}") = "Task5", "Task5", "{5F8082C9-1D0D-4F28-A345-58AD412D39EB}"
EndProject
Project("{FAE04EC0-301F-11D3-BF4B-00C04F79EFBC}") = "Tyuiu.VolodinaAA.Csharp.Sprint0.Task5.V0", "Tyuiu.VolodinaAA.Csharp.Sprint0.Task5.V0\Tyuiu.VolodinaAA.Csharp.Sprint0.Task5.V0.csproj", "{6F9E6D18-6432-43CE-A036-951081F60832}"
EndProject
Project("{FAE04EC0-301F-11D3-BF4B-00C04F79EFBC}") = "Tyuiu.VolodinaAA.Csharp.Sprint0.Task5.V0.Lib", "Tyuiu.VolodinaAA.Csharp.Sprint0.Task5.V0.Lib\Tyuiu.VolodinaAA.Csharp.Sprint0.Task5.V0.Lib.csproj", "{BA767163-47E2-4B90-966B-5F84E72E318E}"
EndProject
Project("{FAE04EC0-301F-11D3-BF4B-00C04F79EFBC}") = "Tyuiu.VolodinaAA.Csharp.Sprint0.Task5.V0.Test", "Tyuiu.VolodinaAA.Csharp.Sprint0.Task5.V0.Test\Tyuiu.VolodinaAA.Csharp.Sprint0.Task5.V0.Test.csproj", "{5E1A9CAE-8977-4547-9800-BAED21D92D21}"
EndProject
Project("{2150E333-8FDC-42A3-9474-1A3956D46DE8}") = "Task6", "Task6", "{ECF87085-1A4E-4C36-9B1E-86B03B1A4A4D}"
EndProject
Project("{FAE04EC0-301F-11D3-BF4B-00C04F79EFBC}") = "Tyuiu.VolodinaAA.Csharp.Sprint0.Task6.V0", "Tyuiu.VolodinaAA.Csharp.Sprint0.Task6.V0\Tyuiu.VolodinaAA.Csharp.Sprint0.Task6.V0.csproj", "{32F59F19-F443-4FAD-BB20-8220589D8A9D}"
EndProject
Project("{FAE04EC0-301F-11D3-BF4B-00C04F79EFBC}") = "Tyuiu.VolodinaAA.Csharp.Sprint0.Task6.V0.Lib", "Tyuiu.VolodinaAA.Csharp.Sprint0.Task6.V0.Lib\Tyuiu.VolodinaAA.Csharp.Sprint0.Task6.V0.Lib.csproj", "{2D42FE5B-4F0F-4203-B418-8ADE24854063}"
EndProject
Project("{FAE04EC0-301F-11D3-BF4B-00C04F79EFBC}") = "Tyuiu.VolodinaAA.Csharp.Sprint0.Task6.V0.Test", "Tyuiu.VolodinaAA.Csharp.Sprint0.Task6.V0.Test\Tyuiu.VolodinaAA.Csharp.Sprint0.Task6.V0.Test.csproj", "{EAE0792E-AD3B-4A3E-A1A4-021FE10DCED0}"
EndProject
Project("{2150E333-8FDC-42A3-9474-1A3956D46DE8}") = "Task7", "Task7", "{6C6D99E1-BA3C-41DA-9FC4-95BA7E2180BA}"
EndProject
Project("{FAE04EC0-301F-11D3-BF4B-00C04F79EFBC}") = "Tyuiu.VolodinaAA.Csharp.Sprint0.Task7.V0", "Tyuiu.VolodinaAA.Csharp.Sprint0.Task7.V0\Tyuiu.VolodinaAA.Csharp.Sprint0.Task7.V0.csproj", "{1D0CB86C-5830-4936-A820-596568F4AC33}"
EndProject
Project("{FAE04EC0-301F-11D3-BF4B-00C04F79EFBC}") = "Tyuiu.VolodinaAA.Csharp.Sprint0.Task7.V0.Lib", "Tyuiu.VolodinaAA.Csharp.Sprint0.Task7.V0.Lib\Tyuiu.VolodinaAA.Csharp.Sprint0.Task7.V0.Lib.csproj", "{A190312D-C358-420B-B97B-F9B333527EDC}"
EndProject
Project("{FAE04EC0-301F-11D3-BF4B-00C04F79EFBC}") = "Tyuiu.VolodinaAA.Csharp.Sprint0.Task7.V0.Test", "Tyuiu.VolodinaAA.Csharp.Sprint0.Task7.V0.Test\Tyuiu.VolodinaAA.Csharp.Sprint0.Task7.V0.Test.csproj", "{5E993089-45F2-4E70-81D5-19678BDF90AF}"
EndProject
Global
	GlobalSection(SolutionConfigurationPlatforms) = preSolution
		Debug|Any CPU = Debug|Any CPU
		Release|Any CPU = Release|Any CPU
	EndGlobalSection
	GlobalSection(ProjectConfigurationPlatforms) = postSolution
		{E49C9767-994B-4083-B0B9-ED3D00A6D423}.Debug|Any CPU.ActiveCfg = Debug|Any CPU
		{E49C9767-994B-4083-B0B9-ED3D00A6D423}.Debug|Any CPU.Build.0 = Debug|Any CPU
		{E49C9767-994B-4083-B0B9-ED3D00A6D423}.Release|Any CPU.ActiveCfg = Release|Any CPU
		{E49C9767-994B-4083-B0B9-ED3D00A6D423}.Release|Any CPU.Build.0 = Release|Any CPU
		{74CFD4D6-2669-4750-B496-6E0DA36F160D}.Debug|Any CPU.ActiveCfg = Debug|Any CPU
		{74CFD4D6-2669-4750-B496-6E0DA36F160D}.Debug|Any CPU.Build.0 = Debug|Any CPU
		{74CFD4D6-2669-4750-B496-6E0DA36F160D}.Release|Any CPU.ActiveCfg = Release|Any CPU
		{74CFD4D6-2669-4750-B496-6E0DA36F160D}.Release|Any CPU.Build.0 = Release|Any CPU
		{BAEC4B27-D65F-40F4-A9AB-0310FC8C144B}.Debug|Any CPU.ActiveCfg = Debug|Any CPU
		{BAEC4B27-D65F-40F4-A9AB-0310FC8C144B}.Debug|Any CPU.Build.0 = Debug|Any CPU
		{BAEC4B27-D65F-40F4-A9AB-0310FC8C144B}.Release|Any CPU.ActiveCfg = Release|Any CPU
		{BAEC4B27-D65F-40F4-A9AB-0310FC8C144B}.Release|Any CPU.Build.0 = Release|Any CPU
		{B95C501B-32A6-4E3D-9C8E-47E775DF5A26}.Debug|Any CPU.ActiveCfg = Debug|Any CPU
		{B95C501B-32A6-4E3D-9C8E-47E775DF5A26}.Debug|Any CPU.Build.0 = Debug|Any CPU
		{B95C501B-32A6-4E3D-9C8E-47E775DF5A26}.Release|Any CPU.ActiveCfg = Release|Any CPU
		{B95C501B-32A6-4E3D-9C8E-47E775DF5A26}.Release|Any CPU.Build.0 = Release|Any CPU
		{2D3B208B-6A24-425E-AB13-50767AA493B8}.Debug|Any CPU.ActiveCfg = Debug|Any CPU
		{2D3B208B-6A24-425E-AB13-50767AA493B8}.Debug|Any CPU.Build.0 = Debug|Any CPU
		{2D3B208B-6A24-425E-AB13-50767AA493B8}.Release|Any CPU.ActiveCfg = Release|Any CPU
		{2D3B208B-6A24-425E-AB13-50767AA493B8}.Release|Any CPU.Build.0 = Release|Any CPU
		{8007D591-E699-4387-A310-12A237266CF0}.Debug|Any CPU.ActiveCfg = Debug|Any CPU
		{8007D591-E699-4387-A310-12A237266CF0}.Debug|Any CPU.Build.0 = Debug|Any CPU
		{8007D591-E699-4387-A310-12A237266CF0}.Release|Any CPU.ActiveCfg = Release|Any CPU
		{8007D591-E699-4387-A310-12A237266CF0}.Release|Any CPU.Build.0 = Release|Any CPU
		{A4730994-FDBA-4A58-A0D6-27E56C063B74}.Debug|Any CPU.ActiveCfg = Debug|Any CPU
		{A4730994-FDBA-4A58-A0D6-27E56C063B74}.Debug|Any CPU.Build.0 = Debug|Any CPU
		{A4730994-FDBA-4A58-A0D6-27E56C063B74}.Release|Any CPU.ActiveCfg = Release|Any CPU
		{A4730994-FDBA-4A58-A0D6-27E56C063B74}.Release|Any CPU.Build.0 = Release|Any CPU
		{A103CA51-F870-4996-ACAD-4D6C8859B6F3}.Debug|Any CPU.ActiveCfg = Debug|Any CPU
		{A103CA51-F870-4996-ACAD-4D6C8859B6F3}.Debug|Any CPU.Build.0 = Debug|Any CPU
		{A103CA51-F870-4996-ACAD-4D6C8859B6F3}.Release|Any CPU.ActiveCfg = Release|Any CPU
		{A103CA51-F870-4996-ACAD-4D6C8859B6F3}.Release|Any CPU.Build.0 = Release|Any CPU
		{AEC5B87B-0C00-463F-B4BC-2A06D9660CE9}.Debug|Any CPU.ActiveCfg = Debug|Any CPU
		{AEC5B87B-0C00-463F-B4BC-2A06D9660CE9}.Debug|Any CPU.Build.0 = Debug|Any CPU
		{AEC5B87B-0C00-463F-B4BC-2A06D9660CE9}.Release|Any CPU.ActiveCfg = Release|Any CPU
		{AEC5B87B-0C00-463F-B4BC-2A06D9660CE9}.Release|Any CPU.Build.0 = Release|Any CPU
		{098C0915-7B87-455C-8D94-51D5B9ADF60E}.Debug|Any CPU.ActiveCfg = Debug|Any CPU
		{098C0915-7B87-455C-8D94-51D5B9ADF60E}.Debug|Any CPU.Build.0 = Debug|Any CPU
		{098C0915-7B87-455C-8D94-51D5B9ADF60E}.Release|Any CPU.ActiveCfg = Release|Any CPU
		{098C0915-7B87-455C-8D94-51D5B9ADF60E}.Release|Any CPU.Build.0 = Release|Any CPU
		{0E58D719-F051-4595-B3C4-C936DC76C8CC}.Debug|Any CPU.ActiveCfg = Debug|Any CPU
		{0E58D719-F051-4595-B3C4-C936DC76C8CC}.Debug|Any CPU.Build.0 = Debug|Any CPU
		{0E58D719-F051-4595-B3C4-C936DC76C8CC}.Release|Any CPU.ActiveCfg = Release|Any CPU
		{0E58D719-F051-4595-B3C4-C936DC76C8CC}.Release|Any CPU.Build.0 = Release|Any CPU
		{6F9E6D18-6432-43CE-A036-951081F60832}.Debug|Any CPU.ActiveCfg = Debug|Any CPU
		{6F9E6D18-6432-43CE-A036-951081F60832}.Debug|Any CPU.Build.0 = Debug|Any CPU
		{6F9E6D18-6432-43CE-A036-951081F60832}.Release|Any CPU.ActiveCfg = Release|Any CPU
		{6F9E6D18-6432-43CE-A036-951081F60832}.Release|Any CPU.Build.0 = Release|Any CPU
		{BA767163-47E2-4B90-966B-5F84E72E318E}.Debug|Any CPU.ActiveCfg = Debug|Any CPU
		{BA767163-47E2-4B90-966B-5F84E72E318E}.Debug|Any CPU.Build.0 = Debug|Any CPU
		{BA767163-47E2-4B90-966B-5F84E72E318E}.Release|Any CPU.ActiveCfg = Release|Any CPU
		{BA767163-47E2-4B90-966B-5F84E72E318E}.Release|Any CPU.Build.0 = Release|Any CPU
		{5E1A9CAE-8977-4547-9800-BAED21D92D21}.Debug|Any CPU.ActiveCfg = Debug|Any CPU
		{5E1A9CAE-8977-4547-9800-BAED21D92D21}.Debug|Any CPU.Build.0 = Debug|Any CPU
		{5E1A9CAE-8977-4547-9800-BAED21D92D21}.Release|Any CPU.ActiveCfg = Release|Any CPU
		{5E1A9CAE-8977-4547-9800-BAED21D92D21}.Release|Any CPU.Build.0 = Release|Any CPU
		{32F59F19-F443-4FAD-BB20-8220589D8A9D}.Debug|Any CPU.ActiveCfg = Debug|Any CPU
		{32F59F19-F443-4FAD-BB20-8220589D8A9D}.Debug|Any CPU.Build.0 = Debug|Any CPU
		{32F59F19-F443-4FAD-BB20-8220589D8A9D}.Release|Any CPU.ActiveCfg = Release|Any CPU
		{32F59F19-F443-4FAD-BB20-8220589D8A9D}.Release|Any CPU.Build.0 = Release|Any CPU
		{2D42FE5B-4F0F-4203-B418-8ADE24854063}.Debug|Any CPU.ActiveCfg = Debug|Any CPU
		{2D42FE5B-4F0F-4203-B418-8ADE24854063}.Debug|Any CPU.Build.0 = Debug|Any CPU
		{2D42FE5B-4F0F-4203-B418-8ADE24854063}.Release|Any CPU.ActiveCfg = Release|Any CPU
		{2D42FE5B-4F0F-4203-B418-8ADE24854063}.Release|Any CPU.Build.0 = Release|Any CPU
		{EAE0792E-AD3B-4A3E-A1A4-021FE10DCED0}.Debug|Any CPU.ActiveCfg = Debug|Any CPU
		{EAE0792E-AD3B-4A3E-A1A4-021FE10DCED0}.Debug|Any CPU.Build.0 = Debug|Any CPU
		{EAE0792E-AD3B-4A3E-A1A4-021FE10DCED0}.Release|Any CPU.ActiveCfg = Release|Any CPU
		{EAE0792E-AD3B-4A3E-A1A4-021FE10DCED0}.Release|Any CPU.Build.0 = Release|Any CPU
		{1D0CB86C-5830-4936-A820-596568F4AC33}.Debug|Any CPU.ActiveCfg = Debug|Any CPU
		{1D0CB86C-5830-4936-A820-596568F4AC33}.Debug|Any CPU.Build.0 = Debug|Any CPU
		{1D0CB86C-5830-4936-A820-596568F4AC33}.Release|Any CPU.ActiveCfg = Release|Any CPU
		{1D0CB86C-5830-4936-A820-596568F4AC33}.Release|Any CPU.Build.0 = Release|Any CPU
		{A190312D-C358-420B-B97B-F9B333527EDC}.Debug|Any CPU.ActiveCfg = Debug|Any CPU
		{A190312D-C358-420B-B97B-F9B333527EDC}.Debug|Any CPU.Build.0 = Debug|Any CPU
		{A190312D-C358-420B-B97B-F9B333527EDC}.Release|Any CPU.ActiveCfg = Release|Any CPU
		{A190312D-C358-420B-B97B-F9B333527EDC}.Release|Any CPU.Build.0 = Release|Any CPU
		{5E993089-45F2-4E70-81D5-19678BDF90AF}.Debug|Any CPU.ActiveCfg = Debug|Any CPU
		{5E993089-45F2-4E70-81D5-19678BDF90AF}.Debug|Any CPU.Build.0 = Debug|Any CPU
		{5E993089-45F2-4E70-81D5-19678BDF90AF}.Release|Any CPU.ActiveCfg = Release|Any CPU
		{5E993089-45F2-4E70-81D5-19678BDF90AF}.Release|Any CPU.Build.0 = Release|Any CPU
	EndGlobalSection
	GlobalSection(SolutionProperties) = preSolution
		HideSolutionNode = FALSE
	EndGlobalSection
	GlobalSection(NestedProjects) = preSolution
		{E49C9767-994B-4083-B0B9-ED3D00A6D423} = {FA74B6AB-8327-4C56-A75C-B16E7AD1122B}
		{74CFD4D6-2669-4750-B496-6E0DA36F160D} = {44D97DC7-F670-4BA4-B9FB-39E03A903BBB}
		{BAEC4B27-D65F-40F4-A9AB-0310FC8C144B} = {4EFC0857-4FB5-40BA-843B-474F31F75664}
		{B95C501B-32A6-4E3D-9C8E-47E775DF5A26} = {4EFC0857-4FB5-40BA-843B-474F31F75664}
		{2D3B208B-6A24-425E-AB13-50767AA493B8} = {4EFC0857-4FB5-40BA-843B-474F31F75664}
		{8007D591-E699-4387-A310-12A237266CF0} = {939848F0-2417-4D9D-846C-352855AC753B}
		{A4730994-FDBA-4A58-A0D6-27E56C063B74} = {939848F0-2417-4D9D-846C-352855AC753B}
		{A103CA51-F870-4996-ACAD-4D6C8859B6F3} = {939848F0-2417-4D9D-846C-352855AC753B}
		{AEC5B87B-0C00-463F-B4BC-2A06D9660CE9} = {07F9B6F8-C110-4FDB-9045-4613703D1551}
		{098C0915-7B87-455C-8D94-51D5B9ADF60E} = {07F9B6F8-C110-4FDB-9045-4613703D1551}
		{0E58D719-F051-4595-B3C4-C936DC76C8CC} = {07F9B6F8-C110-4FDB-9045-4613703D1551}
		{6F9E6D18-6432-43CE-A036-951081F60832} = {5F8082C9-1D0D-4F28-A345-58AD412D39EB}
		{BA767163-47E2-4B90-966B-5F84E72E318E} = {5F8082C9-1D0D-4F28-A345-58AD412D39EB}
		{5E1A9CAE-8977-4547-9800-BAED21D92D21} = {5F8082C9-1D0D-4F28-A345-58AD412D39EB}
		{32F59F19-F443-4FAD-BB20-8220589D8A9D} = {ECF87085-1A4E-4C36-9B1E-86B03B1A4A4D}
		{2D42FE5B-4F0F-4203-B418-8ADE24854063} = {ECF87085-1A4E-4C36-9B1E-86B03B1A4A4D}
		{EAE0792E-AD3B-4A3E-A1A4-021FE10DCED0} = {ECF87085-1A4E-4C36-9B1E-86B03B1A4A4D}
		{1D0CB86C-5830-4936-A820-596568F4AC33} = {6C6D99E1-BA3C-41DA-9FC4-95BA7E2180BA}
		{A190312D-C358-420B-B97B-F9B333527EDC} = {6C6D99E1-BA3C-41DA-9FC4-95BA7E2180BA}
		{5E993089-45F2-4E70-81D5-19678BDF90AF} = {6C6D99E1-BA3C-41DA-9FC4-95BA7E2180BA}
	EndGlobalSection
	GlobalSection(ExtensibilityGlobals) = postSolution
		SolutionGuid = {17601D7F-D938-47BD-A4E8-D5A4EA0FE119}
	EndGlobalSection
EndGlobal
